// !$*UTF8*$!
{
	archiveVersion = 1;
	classes = {
	};
	objectVersion = 77;
	objects = {

/* Begin PBXBuildFile section */
		021D035952BA280AADDB309D /* AddAgentView.swift in Sources */ = {isa = PBXBuildFile; fileRef = 464FA61C5C1DCCB983331E01 /* AddAgentView.swift */; };
		0E2B68264655DC8305138809 /* Assets.xcassets in Resources */ = {isa = PBXBuildFile; fileRef = 4AC049C7B8B63C888E2439F4 /* Assets.xcassets */; };
		0EA426B36047CF01805BE526 /* ConversationSegment.swift in Sources */ = {isa = PBXBuildFile; fileRef = 00520F3FDE5D7207C72C17FF /* ConversationSegment.swift */; };
		104482E7960EB08DE29DEDCD /* AgentCard.swift in Sources */ = {isa = PBXBuildFile; fileRef = 810E035AFCC72FE81F28A984 /* AgentCard.swift */; };
		1A06958386CAA23E4CC1FE9C /* ResourceItem.swift in Sources */ = {isa = PBXBuildFile; fileRef = A739392062F0C7AF0E6374DF /* ResourceItem.swift */; };
		1CB46008AACA885AAA855A9B /* TaskPanel.swift in Sources */ = {isa = PBXBuildFile; fileRef = 5F79CED958A5AD6018FBA3D6 /* TaskPanel.swift */; };
		203319223F074A7A9A8EAB59 /* VideoPlayerView.swift in Sources */ = {isa = PBXBuildFile; fileRef = AA3397155C485236B8F3F012 /* VideoPlayerView.swift */; };
		21D743AF99B6C8CA813BAC3B /* TerminalOutputView.swift in Sources */ = {isa = PBXBuildFile; fileRef = 26A8B5281C6FAC85AE89E463 /* TerminalOutputView.swift */; };
		24253F4F9BFEDDFE828DD4D6 /* ClaudeCodeTransport.swift in Sources */ = {isa = PBXBuildFile; fileRef = B3D58B71A258F7E570F8BB47 /* ClaudeCodeTransport.swift */; };
		2C3C5CE8D3770EA30F27BCEF /* CommandView.swift in Sources */ = {isa = PBXBuildFile; fileRef = 501768CAA31DC685C29DD50B /* CommandView.swift */; };
		2E3B1B5CF241AFB1DB87E86F /* ACPClient.swift in Sources */ = {isa = PBXBuildFile; fileRef = 2F31175CD56FBCFD276426FE /* ACPClient.swift */; };
		2F6754DC39BABA1F84B38671 /* ToolCallFormatter.swift in Sources */ = {isa = PBXBuildFile; fileRef = 39D55D6746A54A029EA0493F /* ToolCallFormatter.swift */; };
		3B3FA4B61CA862BCECB1B70F /* MarkdownUI in Frameworks */ = {isa = PBXBuildFile; productRef = FC6FF2602FCC4CC6C856E34D /* MarkdownUI */; };
		3BA0BA1656E70FF118F5295F /* ChatView.swift in Sources */ = {isa = PBXBuildFile; fileRef = E23CD38FC767DA292B2D6AFF /* ChatView.swift */; };
		449AD2CD1C01A910CE00DE9D /* SidebarView.swift in Sources */ = {isa = PBXBuildFile; fileRef = 3F676644CC579F8B2E68AF94 /* SidebarView.swift */; };
		45FF5805A51539077EE3CFCD /* AppError.swift in Sources */ = {isa = PBXBuildFile; fileRef = 32BCCD76A3A9257383F8A524 /* AppError.swift */; };
		4B0577594054C7AFC4985E95 /* ToolCallStatusIcon.swift in Sources */ = {isa = PBXBuildFile; fileRef = 59D3F48F5BB232C8179AD5A9 /* ToolCallStatusIcon.swift */; };
		6206103FD5CC9817A047339B /* ConfirmationBubble.swift in Sources */ = {isa = PBXBuildFile; fileRef = B9BB5E9FBA016E48DDF9135D /* ConfirmationBubble.swift */; };
		69FCEC006A0EAE6E3F42036D /* ReconnectionManager.swift in Sources */ = {isa = PBXBuildFile; fileRef = F1A0D86A65CBFE21808B059D /* ReconnectionManager.swift */; };
		6C9647F572F1083ECC609212 /* ACPTypes.swift in Sources */ = {isa = PBXBuildFile; fileRef = 60F474697C2B82BF67D7BAB9 /* ACPTypes.swift */; };
		6CDF881D35CD596347BD80E5 /* AgentTransport.swift in Sources */ = {isa = PBXBuildFile; fileRef = E36DB4AAE9F23341A209271E /* AgentTransport.swift */; };
		77A8DDBC6DBAC5E8A2BB9502 /* ErrorToast.swift in Sources */ = {isa = PBXBuildFile; fileRef = 49ED457B30DF92D1FABB9D3C /* ErrorToast.swift */; };
		7A7CD5F9F9A16848BE24AB0A /* MinoApp.swift in Sources */ = {isa = PBXBuildFile; fileRef = BC7A0EE7C76E1A745F0D0125 /* MinoApp.swift */; };
		7C39B9BD89B3839F48FCCCE2 /* ContentBlockView.swift in Sources */ = {isa = PBXBuildFile; fileRef = 10866675E86728CFAB8CDFD9 /* ContentBlockView.swift */; };
		7DB3BF557FE1EEBAB9905A25 /* MessageBubble.swift in Sources */ = {isa = PBXBuildFile; fileRef = 8340638F80648BF510A8DC37 /* MessageBubble.swift */; };
		800A6A3F9BF233838360D03A /* ImageBubble.swift in Sources */ = {isa = PBXBuildFile; fileRef = F2C1E426AAB4FAA217A65DF0 /* ImageBubble.swift */; };
		830A0D1587648F1F73BBF313 /* ParallelTaskSheet.swift in Sources */ = {isa = PBXBuildFile; fileRef = 043CF28BD92384E97875EAC2 /* ParallelTaskSheet.swift */; };
		85165BF9CCD312759167106C /* ContentBlockParser.swift in Sources */ = {isa = PBXBuildFile; fileRef = C720910A8F089FB24665942A /* ContentBlockParser.swift */; };
		8561A7585C8AB0DA18AF60CD /* ACPTransport.swift in Sources */ = {isa = PBXBuildFile; fileRef = 08E7030EA9A2E834D15E3C1F /* ACPTransport.swift */; };
		935873578F356B8EBA39EACD /* ClaudeSessionLoader.swift in Sources */ = {isa = PBXBuildFile; fileRef = 5D0C8D4C4C5A67164F19B07E /* ClaudeSessionLoader.swift */; };
		93919512BD183240BF018A8B /* SettingsView.swift in Sources */ = {isa = PBXBuildFile; fileRef = 8C5F431EC3834B5F814E1152 /* SettingsView.swift */; };
		9AB80D01C5F53F53D05A32CE /* PersistenceService.swift in Sources */ = {isa = PBXBuildFile; fileRef = 85BD32F2C477ABD4425A7394 /* PersistenceService.swift */; };
		9D31BFED6E69A4644DB4D6A0 /* ResourceExtractor.swift in Sources */ = {isa = PBXBuildFile; fileRef = E1044088AEC977094DD3BEAE /* ResourceExtractor.swift */; };
		A12587A4C7529ACF9E4E1352 /* MarkdownContent.swift in Sources */ = {isa = PBXBuildFile; fileRef = 25687E2A3C97ED18C6487AEA /* MarkdownContent.swift */; };
		ABFEA85C8FEE7AE812911FED /* ToolCallInfo.swift in Sources */ = {isa = PBXBuildFile; fileRef = 794C74E2CF160B1550465275 /* ToolCallInfo.swift */; };
		ADD4D115802771ADC1A3BA42 /* ToolCallBubble.swift in Sources */ = {isa = PBXBuildFile; fileRef = 80573313742E7765A060B1D2 /* ToolCallBubble.swift */; };
		B2862092CE2A607BB543D0C3 /* ThinkingSection.swift in Sources */ = {isa = PBXBuildFile; fileRef = 955E9DDB997310BE48E4F75B /* ThinkingSection.swift */; };
		B4B6BF9C34B178F409853FB0 /* LocalImageProvider.swift in Sources */ = {isa = PBXBuildFile; fileRef = E0D39958DFD8338586089CDD /* LocalImageProvider.swift */; };
		BA8E8A351ADC25E94D404BFA /* DiffView.swift in Sources */ = {isa = PBXBuildFile; fileRef = 962406CC36A5A946A0F54EC1 /* DiffView.swift */; };
		BE8DA4957AADAEE9C7072920 /* ChatMessage.swift in Sources */ = {isa = PBXBuildFile; fileRef = AB5FE0104CE3537CCF1A9A0F /* ChatMessage.swift */; };
		BF28957DA161ABBFAC6E4F6A /* AgentActivityStatus.swift in Sources */ = {isa = PBXBuildFile; fileRef = 1C4561DDBA186217ECA560BE /* AgentActivityStatus.swift */; };
		C0C389B40079B9B54B34A178 /* StreamingBubble.swift in Sources */ = {isa = PBXBuildFile; fileRef = 06D31C627277F0CB6B60910E /* StreamingBubble.swift */; };
		C1A62964622B8248EF0F2EA7 /* AudioPlayerService.swift in Sources */ = {isa = PBXBuildFile; fileRef = 833B0687601D4D5476A22BDB /* AudioPlayerService.swift */; };
		C9F7F9E60FAA94773D4EAB92 /* CorrectnessTests.swift in Sources */ = {isa = PBXBuildFile; fileRef = D3CDAA9FE934699C5FE58E75 /* CorrectnessTests.swift */; };
		D8FF79220649FF272C889B25 /* ClaudeCodeTypes.swift in Sources */ = {isa = PBXBuildFile; fileRef = E9D1696B1757C5F835E3D1DA /* ClaudeCodeTypes.swift */; };
		D98AAC7CE4450DD79351AD90 /* ClaudeCodeClient.swift in Sources */ = {isa = PBXBuildFile; fileRef = DA86C435C2971CC17E600373 /* ClaudeCodeClient.swift */; };
		DEE21D6461241ED37DA87F59 /* Agent.swift in Sources */ = {isa = PBXBuildFile; fileRef = 471A0DE13B70656AFF8D1179 /* Agent.swift */; };
		E0F8B1E4A33B8B007270E08E /* PerformanceTests.swift in Sources */ = {isa = PBXBuildFile; fileRef = 938DD736BB0BF7F1B3A1ECFA /* PerformanceTests.swift */; };
		E61D5D2040A1787B41A55F9F /* ContentView.swift in Sources */ = {isa = PBXBuildFile; fileRef = 9117B6BA735630AFD504A32F /* ContentView.swift */; };
		F8F32DEFDD03A94D8E23A829 /* ContentBlock.swift in Sources */ = {isa = PBXBuildFile; fileRef = E9563DBB72A2AA6D6C564E22 /* ContentBlock.swift */; };
		FB64DCEAAE4C9BC23374C8DE /* AppState.swift in Sources */ = {isa = PBXBuildFile; fileRef = 265E34F1BA64BF692FF12181 /* AppState.swift */; };
		FBACED64B494343AC662D273 /* MenuBarView.swift in Sources */ = {isa = PBXBuildFile; fileRef = B6C59EE34E90A26B229293D8 /* MenuBarView.swift */; };
		FE5DAC7B69508C097DBA23CD /* ClaudeConfigReader.swift in Sources */ = {isa = PBXBuildFile; fileRef = C6FD4A22282F9415B5D6F5A9 /* ClaudeConfigReader.swift */; };
		FEB7C3E602D0CE9B3EE9BC2C /* MinoTheme.swift in Sources */ = {isa = PBXBuildFile; fileRef = 9A82DDF462AB5E2F7B049CA8 /* MinoTheme.swift */; };
/* End PBXBuildFile section */

/* Begin PBXContainerItemProxy section */
		F635D6F4F16D955A6BDD36D4 /* PBXContainerItemProxy */ = {
			isa = PBXContainerItemProxy;
			containerPortal = DFC4359E1E36468823B31C33 /* Project object */;
			proxyType = 1;
			remoteGlobalIDString = 4B8C20E061D2629471C5073C;
			remoteInfo = Mino;
		};
/* End PBXContainerItemProxy section */

/* Begin PBXFileReference section */
		00520F3FDE5D7207C72C17FF /* ConversationSegment.swift */ = {isa = PBXFileReference; lastKnownFileType = sourcecode.swift; path = ConversationSegment.swift; sourceTree = "<group>"; };
		043CF28BD92384E97875EAC2 /* ParallelTaskSheet.swift */ = {isa = PBXFileReference; lastKnownFileType = sourcecode.swift; path = ParallelTaskSheet.swift; sourceTree = "<group>"; };
		06D31C627277F0CB6B60910E /* StreamingBubble.swift */ = {isa = PBXFileReference; lastKnownFileType = sourcecode.swift; path = StreamingBubble.swift; sourceTree = "<group>"; };
		08E7030EA9A2E834D15E3C1F /* ACPTransport.swift */ = {isa = PBXFileReference; lastKnownFileType = sourcecode.swift; path = ACPTransport.swift; sourceTree = "<group>"; };
		104A0BF552DB381015C60254 /* Mino.entitlements */ = {isa = PBXFileReference; lastKnownFileType = text.plist.entitlements; path = Mino.entitlements; sourceTree = "<group>"; };
		10866675E86728CFAB8CDFD9 /* ContentBlockView.swift */ = {isa = PBXFileReference; lastKnownFileType = sourcecode.swift; path = ContentBlockView.swift; sourceTree = "<group>"; };
		1C4561DDBA186217ECA560BE /* AgentActivityStatus.swift */ = {isa = PBXFileReference; lastKnownFileType = sourcecode.swift; path = AgentActivityStatus.swift; sourceTree = "<group>"; };
		25687E2A3C97ED18C6487AEA /* MarkdownContent.swift */ = {isa = PBXFileReference; lastKnownFileType = sourcecode.swift; path = MarkdownContent.swift; sourceTree = "<group>"; };
		265E34F1BA64BF692FF12181 /* AppState.swift */ = {isa = PBXFileReference; lastKnownFileType = sourcecode.swift; path = AppState.swift; sourceTree = "<group>"; };
		26A8B5281C6FAC85AE89E463 /* TerminalOutputView.swift */ = {isa = PBXFileReference; lastKnownFileType = sourcecode.swift; path = TerminalOutputView.swift; sourceTree = "<group>"; };
		27F781FB423D7D7E9E6630F1 /* Mino.app */ = {isa = PBXFileReference; explicitFileType = wrapper.application; includeInIndex = 0; path = Mino.app; sourceTree = BUILT_PRODUCTS_DIR; };
		2F31175CD56FBCFD276426FE /* ACPClient.swift */ = {isa = PBXFileReference; lastKnownFileType = sourcecode.swift; path = ACPClient.swift; sourceTree = "<group>"; };
		32BCCD76A3A9257383F8A524 /* AppError.swift */ = {isa = PBXFileReference; lastKnownFileType = sourcecode.swift; path = AppError.swift; sourceTree = "<group>"; };
		39D55D6746A54A029EA0493F /* ToolCallFormatter.swift */ = {isa = PBXFileReference; lastKnownFileType = sourcecode.swift; path = ToolCallFormatter.swift; sourceTree = "<group>"; };
		3F676644CC579F8B2E68AF94 /* SidebarView.swift */ = {isa = PBXFileReference; lastKnownFileType = sourcecode.swift; path = SidebarView.swift; sourceTree = "<group>"; };
		464FA61C5C1DCCB983331E01 /* AddAgentView.swift */ = {isa = PBXFileReference; lastKnownFileType = sourcecode.swift; path = AddAgentView.swift; sourceTree = "<group>"; };
		471A0DE13B70656AFF8D1179 /* Agent.swift */ = {isa = PBXFileReference; lastKnownFileType = sourcecode.swift; path = Agent.swift; sourceTree = "<group>"; };
		49ED457B30DF92D1FABB9D3C /* ErrorToast.swift */ = {isa = PBXFileReference; lastKnownFileType = sourcecode.swift; path = ErrorToast.swift; sourceTree = "<group>"; };
		4AC049C7B8B63C888E2439F4 /* Assets.xcassets */ = {isa = PBXFileReference; lastKnownFileType = folder.assetcatalog; path = Assets.xcassets; sourceTree = "<group>"; };
		4B29AD67270799B3A11D1B30 /* MinoTests.xctest */ = {isa = PBXFileReference; explicitFileType = wrapper.cfbundle; includeInIndex = 0; path = MinoTests.xctest; sourceTree = BUILT_PRODUCTS_DIR; };
		501768CAA31DC685C29DD50B /* CommandView.swift */ = {isa = PBXFileReference; lastKnownFileType = sourcecode.swift; path = CommandView.swift; sourceTree = "<group>"; };
		59D3F48F5BB232C8179AD5A9 /* ToolCallStatusIcon.swift */ = {isa = PBXFileReference; lastKnownFileType = sourcecode.swift; path = ToolCallStatusIcon.swift; sourceTree = "<group>"; };
		5D0C8D4C4C5A67164F19B07E /* ClaudeSessionLoader.swift */ = {isa = PBXFileReference; lastKnownFileType = sourcecode.swift; path = ClaudeSessionLoader.swift; sourceTree = "<group>"; };
		5F79CED958A5AD6018FBA3D6 /* TaskPanel.swift */ = {isa = PBXFileReference; lastKnownFileType = sourcecode.swift; path = TaskPanel.swift; sourceTree = "<group>"; };
		60F474697C2B82BF67D7BAB9 /* ACPTypes.swift */ = {isa = PBXFileReference; lastKnownFileType = sourcecode.swift; path = ACPTypes.swift; sourceTree = "<group>"; };
		794C74E2CF160B1550465275 /* ToolCallInfo.swift */ = {isa = PBXFileReference; lastKnownFileType = sourcecode.swift; path = ToolCallInfo.swift; sourceTree = "<group>"; };
		80573313742E7765A060B1D2 /* ToolCallBubble.swift */ = {isa = PBXFileReference; lastKnownFileType = sourcecode.swift; path = ToolCallBubble.swift; sourceTree = "<group>"; };
		810E035AFCC72FE81F28A984 /* AgentCard.swift */ = {isa = PBXFileReference; lastKnownFileType = sourcecode.swift; path = AgentCard.swift; sourceTree = "<group>"; };
		833B0687601D4D5476A22BDB /* AudioPlayerService.swift */ = {isa = PBXFileReference; lastKnownFileType = sourcecode.swift; path = AudioPlayerService.swift; sourceTree = "<group>"; };
		8340638F80648BF510A8DC37 /* MessageBubble.swift */ = {isa = PBXFileReference; lastKnownFileType = sourcecode.swift; path = MessageBubble.swift; sourceTree = "<group>"; };
		85BD32F2C477ABD4425A7394 /* PersistenceService.swift */ = {isa = PBXFileReference; lastKnownFileType = sourcecode.swift; path = PersistenceService.swift; sourceTree = "<group>"; };
		8C5F431EC3834B5F814E1152 /* SettingsView.swift */ = {isa = PBXFileReference; lastKnownFileType = sourcecode.swift; path = SettingsView.swift; sourceTree = "<group>"; };
		9117B6BA735630AFD504A32F /* ContentView.swift */ = {isa = PBXFileReference; lastKnownFileType = sourcecode.swift; path = ContentView.swift; sourceTree = "<group>"; };
		938DD736BB0BF7F1B3A1ECFA /* PerformanceTests.swift */ = {isa = PBXFileReference; lastKnownFileType = sourcecode.swift; path = PerformanceTests.swift; sourceTree = "<group>"; };
		955E9DDB997310BE48E4F75B /* ThinkingSection.swift */ = {isa = PBXFileReference; lastKnownFileType = sourcecode.swift; path = ThinkingSection.swift; sourceTree = "<group>"; };
		962406CC36A5A946A0F54EC1 /* DiffView.swift */ = {isa = PBXFileReference; lastKnownFileType = sourcecode.swift; path = DiffView.swift; sourceTree = "<group>"; };
		9A82DDF462AB5E2F7B049CA8 /* MinoTheme.swift */ = {isa = PBXFileReference; lastKnownFileType = sourcecode.swift; path = MinoTheme.swift; sourceTree = "<group>"; };
		A739392062F0C7AF0E6374DF /* ResourceItem.swift */ = {isa = PBXFileReference; lastKnownFileType = sourcecode.swift; path = ResourceItem.swift; sourceTree = "<group>"; };
		AA3397155C485236B8F3F012 /* VideoPlayerView.swift */ = {isa = PBXFileReference; lastKnownFileType = sourcecode.swift; path = VideoPlayerView.swift; sourceTree = "<group>"; };
		AB5FE0104CE3537CCF1A9A0F /* ChatMessage.swift */ = {isa = PBXFileReference; lastKnownFileType = sourcecode.swift; path = ChatMessage.swift; sourceTree = "<group>"; };
		B3D58B71A258F7E570F8BB47 /* ClaudeCodeTransport.swift */ = {isa = PBXFileReference; lastKnownFileType = sourcecode.swift; path = ClaudeCodeTransport.swift; sourceTree = "<group>"; };
		B6C59EE34E90A26B229293D8 /* MenuBarView.swift */ = {isa = PBXFileReference; lastKnownFileType = sourcecode.swift; path = MenuBarView.swift; sourceTree = "<group>"; };
		B9BB5E9FBA016E48DDF9135D /* ConfirmationBubble.swift */ = {isa = PBXFileReference; lastKnownFileType = sourcecode.swift; path = ConfirmationBubble.swift; sourceTree = "<group>"; };
		BC7A0EE7C76E1A745F0D0125 /* MinoApp.swift */ = {isa = PBXFileReference; lastKnownFileType = sourcecode.swift; path = MinoApp.swift; sourceTree = "<group>"; };
		C6FD4A22282F9415B5D6F5A9 /* ClaudeConfigReader.swift */ = {isa = PBXFileReference; lastKnownFileType = sourcecode.swift; path = ClaudeConfigReader.swift; sourceTree = "<group>"; };
		C720910A8F089FB24665942A /* ContentBlockParser.swift */ = {isa = PBXFileReference; lastKnownFileType = sourcecode.swift; path = ContentBlockParser.swift; sourceTree = "<group>"; };
		D3CDAA9FE934699C5FE58E75 /* CorrectnessTests.swift */ = {isa = PBXFileReference; lastKnownFileType = sourcecode.swift; path = CorrectnessTests.swift; sourceTree = "<group>"; };
		DA86C435C2971CC17E600373 /* ClaudeCodeClient.swift */ = {isa = PBXFileReference; lastKnownFileType = sourcecode.swift; path = ClaudeCodeClient.swift; sourceTree = "<group>"; };
		E0D39958DFD8338586089CDD /* LocalImageProvider.swift */ = {isa = PBXFileReference; lastKnownFileType = sourcecode.swift; path = LocalImageProvider.swift; sourceTree = "<group>"; };
		E1044088AEC977094DD3BEAE /* ResourceExtractor.swift */ = {isa = PBXFileReference; lastKnownFileType = sourcecode.swift; path = ResourceExtractor.swift; sourceTree = "<group>"; };
		E23CD38FC767DA292B2D6AFF /* ChatView.swift */ = {isa = PBXFileReference; lastKnownFileType = sourcecode.swift; path = ChatView.swift; sourceTree = "<group>"; };
		E36DB4AAE9F23341A209271E /* AgentTransport.swift */ = {isa = PBXFileReference; lastKnownFileType = sourcecode.swift; path = AgentTransport.swift; sourceTree = "<group>"; };
		E9563DBB72A2AA6D6C564E22 /* ContentBlock.swift */ = {isa = PBXFileReference; lastKnownFileType = sourcecode.swift; path = ContentBlock.swift; sourceTree = "<group>"; };
		E9D1696B1757C5F835E3D1DA /* ClaudeCodeTypes.swift */ = {isa = PBXFileReference; lastKnownFileType = sourcecode.swift; path = ClaudeCodeTypes.swift; sourceTree = "<group>"; };
		F1A0D86A65CBFE21808B059D /* ReconnectionManager.swift */ = {isa = PBXFileReference; lastKnownFileType = sourcecode.swift; path = ReconnectionManager.swift; sourceTree = "<group>"; };
		F2C1E426AAB4FAA217A65DF0 /* ImageBubble.swift */ = {isa = PBXFileReference; lastKnownFileType = sourcecode.swift; path = ImageBubble.swift; sourceTree = "<group>"; };
/* End PBXFileReference section */

/* Begin PBXFrameworksBuildPhase section */
		83C566B904AD831BDDFF1AD4 /* Frameworks */ = {
			isa = PBXFrameworksBuildPhase;
			buildActionMask = 2147483647;
			files = (
				3B3FA4B61CA862BCECB1B70F /* MarkdownUI in Frameworks */,
			);
			runOnlyForDeploymentPostprocessing = 0;
		};
/* End PBXFrameworksBuildPhase section */

/* Begin PBXGroup section */
		04779582DC84B641F37F186B /* Products */ = {
			isa = PBXGroup;
			children = (
				27F781FB423D7D7E9E6630F1 /* Mino.app */,
				4B29AD67270799B3A11D1B30 /* MinoTests.xctest */,
			);
			name = Products;
			sourceTree = "<group>";
		};
		525701DDE2C605D0DB74D297 /* Models */ = {
			isa = PBXGroup;
			children = (
				471A0DE13B70656AFF8D1179 /* Agent.swift */,
				1C4561DDBA186217ECA560BE /* AgentActivityStatus.swift */,
				32BCCD76A3A9257383F8A524 /* AppError.swift */,
				265E34F1BA64BF692FF12181 /* AppState.swift */,
				AB5FE0104CE3537CCF1A9A0F /* ChatMessage.swift */,
				E9563DBB72A2AA6D6C564E22 /* ContentBlock.swift */,
				00520F3FDE5D7207C72C17FF /* ConversationSegment.swift */,
				A739392062F0C7AF0E6374DF /* ResourceItem.swift */,
				794C74E2CF160B1550465275 /* ToolCallInfo.swift */,
			);
			path = Models;
			sourceTree = "<group>";
		};
		5B117F316A52AC2A9C9C091B /* Views */ = {
			isa = PBXGroup;
			children = (
				464FA61C5C1DCCB983331E01 /* AddAgentView.swift */,
				E23CD38FC767DA292B2D6AFF /* ChatView.swift */,
				501768CAA31DC685C29DD50B /* CommandView.swift */,
				9117B6BA735630AFD504A32F /* ContentView.swift */,
				B6C59EE34E90A26B229293D8 /* MenuBarView.swift */,
				043CF28BD92384E97875EAC2 /* ParallelTaskSheet.swift */,
				8C5F431EC3834B5F814E1152 /* SettingsView.swift */,
				3F676644CC579F8B2E68AF94 /* SidebarView.swift */,
				5F79CED958A5AD6018FBA3D6 /* TaskPanel.swift */,
			);
			path = Views;
			sourceTree = "<group>";
		};
		6EC9DBAFBAE1A545493D64C1 /* Theme */ = {
			isa = PBXGroup;
			children = (
				9A82DDF462AB5E2F7B049CA8 /* MinoTheme.swift */,
			);
			path = Theme;
			sourceTree = "<group>";
		};
		768D7952D6CCD82C2877BC27 /* Mino */ = {
			isa = PBXGroup;
			children = (
				4AC049C7B8B63C888E2439F4 /* Assets.xcassets */,
				104A0BF552DB381015C60254 /* Mino.entitlements */,
				BC7A0EE7C76E1A745F0D0125 /* MinoApp.swift */,
				B749EAB5FF6497E090F2EBE9 /* Components */,
				525701DDE2C605D0DB74D297 /* Models */,
				BA202F4A9334B2AA9F1420A4 /* Services */,
				6EC9DBAFBAE1A545493D64C1 /* Theme */,
				5B117F316A52AC2A9C9C091B /* Views */,
			);
			path = Mino;
			sourceTree = "<group>";
		};
		7ADBBA7A9F2E69E5ED168BCF = {
			isa = PBXGroup;
			children = (
				768D7952D6CCD82C2877BC27 /* Mino */,
				B404358F865303E69E463AD4 /* MinoTests */,
				04779582DC84B641F37F186B /* Products */,
			);
			sourceTree = "<group>";
		};
		86B83816B9CCED8179921236 /* ClaudeCode */ = {
			isa = PBXGroup;
			children = (
				DA86C435C2971CC17E600373 /* ClaudeCodeClient.swift */,
				B3D58B71A258F7E570F8BB47 /* ClaudeCodeTransport.swift */,
				E9D1696B1757C5F835E3D1DA /* ClaudeCodeTypes.swift */,
				C6FD4A22282F9415B5D6F5A9 /* ClaudeConfigReader.swift */,
				5D0C8D4C4C5A67164F19B07E /* ClaudeSessionLoader.swift */,
			);
			path = ClaudeCode;
			sourceTree = "<group>";
		};
		B404358F865303E69E463AD4 /* MinoTests */ = {
			isa = PBXGroup;
			children = (
				D3CDAA9FE934699C5FE58E75 /* CorrectnessTests.swift */,
				938DD736BB0BF7F1B3A1ECFA /* PerformanceTests.swift */,
			);
			path = MinoTests;
			sourceTree = "<group>";
		};
		B749EAB5FF6497E090F2EBE9 /* Components */ = {
			isa = PBXGroup;
			children = (
				810E035AFCC72FE81F28A984 /* AgentCard.swift */,
				B9BB5E9FBA016E48DDF9135D /* ConfirmationBubble.swift */,
				10866675E86728CFAB8CDFD9 /* ContentBlockView.swift */,
				962406CC36A5A946A0F54EC1 /* DiffView.swift */,
				49ED457B30DF92D1FABB9D3C /* ErrorToast.swift */,
				F2C1E426AAB4FAA217A65DF0 /* ImageBubble.swift */,
				E0D39958DFD8338586089CDD /* LocalImageProvider.swift */,
				25687E2A3C97ED18C6487AEA /* MarkdownContent.swift */,
				8340638F80648BF510A8DC37 /* MessageBubble.swift */,
				06D31C627277F0CB6B60910E /* StreamingBubble.swift */,
				26A8B5281C6FAC85AE89E463 /* TerminalOutputView.swift */,
				955E9DDB997310BE48E4F75B /* ThinkingSection.swift */,
				80573313742E7765A060B1D2 /* ToolCallBubble.swift */,
				59D3F48F5BB232C8179AD5A9 /* ToolCallStatusIcon.swift */,
				AA3397155C485236B8F3F012 /* VideoPlayerView.swift */,
			);
			path = Components;
			sourceTree = "<group>";
		};
		BA202F4A9334B2AA9F1420A4 /* Services */ = {
			isa = PBXGroup;
			children = (
				E36DB4AAE9F23341A209271E /* AgentTransport.swift */,
				833B0687601D4D5476A22BDB /* AudioPlayerService.swift */,
				C720910A8F089FB24665942A /* ContentBlockParser.swift */,
				85BD32F2C477ABD4425A7394 /* PersistenceService.swift */,
				E1044088AEC977094DD3BEAE /* ResourceExtractor.swift */,
				39D55D6746A54A029EA0493F /* ToolCallFormatter.swift */,
				D8A89E78EFACFB086F48FB3C /* ACP */,
				86B83816B9CCED8179921236 /* ClaudeCode */,
			);
			path = Services;
			sourceTree = "<group>";
		};
		D8A89E78EFACFB086F48FB3C /* ACP */ = {
			isa = PBXGroup;
			children = (
				2F31175CD56FBCFD276426FE /* ACPClient.swift */,
				08E7030EA9A2E834D15E3C1F /* ACPTransport.swift */,
				60F474697C2B82BF67D7BAB9 /* ACPTypes.swift */,
				F1A0D86A65CBFE21808B059D /* ReconnectionManager.swift */,
			);
			path = ACP;
			sourceTree = "<group>";
		};
/* End PBXGroup section */

/* Begin PBXNativeTarget section */
		4B8C20E061D2629471C5073C /* Mino */ = {
			isa = PBXNativeTarget;
			buildConfigurationList = 9F2E88B1CE499D1C0099FBE5 /* Build configuration list for PBXNativeTarget "Mino" */;
			buildPhases = (
				ACB1F6E6B609BAEF7B6A540F /* Sources */,
				684C03A95DBB7E6B2B83198B /* Resources */,
				83C566B904AD831BDDFF1AD4 /* Frameworks */,
			);
			buildRules = (
			);
			dependencies = (
			);
			name = Mino;
			packageProductDependencies = (
				FC6FF2602FCC4CC6C856E34D /* MarkdownUI */,
			);
			productName = Mino;
			productReference = 27F781FB423D7D7E9E6630F1 /* Mino.app */;
			productType = "com.apple.product-type.application";
		};
		62376F68C17D1ED3962F6FB0 /* MinoTests */ = {
			isa = PBXNativeTarget;
			buildConfigurationList = 96823D395FD78FD7738E61F6 /* Build configuration list for PBXNativeTarget "MinoTests" */;
			buildPhases = (
				BBD6575528C5DC5E12CE82FE /* Sources */,
			);
			buildRules = (
			);
			dependencies = (
				20C862B1CA3801F6BCA1DE41 /* PBXTargetDependency */,
			);
			name = MinoTests;
			packageProductDependencies = (
			);
			productName = MinoTests;
			productReference = 4B29AD67270799B3A11D1B30 /* MinoTests.xctest */;
			productType = "com.apple.product-type.bundle.unit-test";
		};
/* End PBXNativeTarget section */

/* Begin PBXProject section */
		DFC4359E1E36468823B31C33 /* Project object */ = {
			isa = PBXProject;
			attributes = {
				BuildIndependentTargetsInParallel = YES;
				LastUpgradeCheck = 1600;
				TargetAttributes = {
				};
			};
			buildConfigurationList = 9CC0ECB333FA7EA82A828208 /* Build configuration list for PBXProject "Mino" */;
			developmentRegion = en;
			hasScannedForEncodings = 0;
			knownRegions = (
				Base,
				en,
			);
			mainGroup = 7ADBBA7A9F2E69E5ED168BCF;
			minimizedProjectReferenceProxies = 1;
			packageReferences = (
				E0D583FCB9F54C64E7C2E910 /* XCRemoteSwiftPackageReference "swift-markdown-ui" */,
			);
			preferredProjectObjectVersion = 77;
			productRefGroup = 04779582DC84B641F37F186B /* Products */;
			projectDirPath = "";
			projectRoot = "";
			targets = (
				4B8C20E061D2629471C5073C /* Mino */,
				62376F68C17D1ED3962F6FB0 /* MinoTests */,
			);
		};
/* End PBXProject section */

/* Begin PBXResourcesBuildPhase section */
		684C03A95DBB7E6B2B83198B /* Resources */ = {
			isa = PBXResourcesBuildPhase;
			buildActionMask = 2147483647;
			files = (
				0E2B68264655DC8305138809 /* Assets.xcassets in Resources */,
			);
			runOnlyForDeploymentPostprocessing = 0;
		};
/* End PBXResourcesBuildPhase section */

/* Begin PBXSourcesBuildPhase section */
		ACB1F6E6B609BAEF7B6A540F /* Sources */ = {
			isa = PBXSourcesBuildPhase;
			buildActionMask = 2147483647;
			files = (
				2E3B1B5CF241AFB1DB87E86F /* ACPClient.swift in Sources */,
				8561A7585C8AB0DA18AF60CD /* ACPTransport.swift in Sources */,
				6C9647F572F1083ECC609212 /* ACPTypes.swift in Sources */,
				021D035952BA280AADDB309D /* AddAgentView.swift in Sources */,
				DEE21D6461241ED37DA87F59 /* Agent.swift in Sources */,
				BF28957DA161ABBFAC6E4F6A /* AgentActivityStatus.swift in Sources */,
				104482E7960EB08DE29DEDCD /* AgentCard.swift in Sources */,
				6CDF881D35CD596347BD80E5 /* AgentTransport.swift in Sources */,
				45FF5805A51539077EE3CFCD /* AppError.swift in Sources */,
				FB64DCEAAE4C9BC23374C8DE /* AppState.swift in Sources */,
				C1A62964622B8248EF0F2EA7 /* AudioPlayerService.swift in Sources */,
				BE8DA4957AADAEE9C7072920 /* ChatMessage.swift in Sources */,
				3BA0BA1656E70FF118F5295F /* ChatView.swift in Sources */,
				D98AAC7CE4450DD79351AD90 /* ClaudeCodeClient.swift in Sources */,
				24253F4F9BFEDDFE828DD4D6 /* ClaudeCodeTransport.swift in Sources */,
				D8FF79220649FF272C889B25 /* ClaudeCodeTypes.swift in Sources */,
				FE5DAC7B69508C097DBA23CD /* ClaudeConfigReader.swift in Sources */,
				935873578F356B8EBA39EACD /* ClaudeSessionLoader.swift in Sources */,
				2C3C5CE8D3770EA30F27BCEF /* CommandView.swift in Sources */,
				6206103FD5CC9817A047339B /* ConfirmationBubble.swift in Sources */,
				F8F32DEFDD03A94D8E23A829 /* ContentBlock.swift in Sources */,
				85165BF9CCD312759167106C /* ContentBlockParser.swift in Sources */,
				7C39B9BD89B3839F48FCCCE2 /* ContentBlockView.swift in Sources */,
				E61D5D2040A1787B41A55F9F /* ContentView.swift in Sources */,
				0EA426B36047CF01805BE526 /* ConversationSegment.swift in Sources */,
				BA8E8A351ADC25E94D404BFA /* DiffView.swift in Sources */,
				77A8DDBC6DBAC5E8A2BB9502 /* ErrorToast.swift in Sources */,
				800A6A3F9BF233838360D03A /* ImageBubble.swift in Sources */,
				B4B6BF9C34B178F409853FB0 /* LocalImageProvider.swift in Sources */,
				A12587A4C7529ACF9E4E1352 /* MarkdownContent.swift in Sources */,
				FBACED64B494343AC662D273 /* MenuBarView.swift in Sources */,
				7DB3BF557FE1EEBAB9905A25 /* MessageBubble.swift in Sources */,
				7A7CD5F9F9A16848BE24AB0A /* MinoApp.swift in Sources */,
				FEB7C3E602D0CE9B3EE9BC2C /* MinoTheme.swift in Sources */,
				830A0D1587648F1F73BBF313 /* ParallelTaskSheet.swift in Sources */,
				9AB80D01C5F53F53D05A32CE /* PersistenceService.swift in Sources */,
				69FCEC006A0EAE6E3F42036D /* ReconnectionManager.swift in Sources */,
				9D31BFED6E69A4644DB4D6A0 /* ResourceExtractor.swift in Sources */,
				1A06958386CAA23E4CC1FE9C /* ResourceItem.swift in Sources */,
				93919512BD183240BF018A8B /* SettingsView.swift in Sources */,
				449AD2CD1C01A910CE00DE9D /* SidebarView.swift in Sources */,
				C0C389B40079B9B54B34A178 /* StreamingBubble.swift in Sources */,
				1CB46008AACA885AAA855A9B /* TaskPanel.swift in Sources */,
				21D743AF99B6C8CA813BAC3B /* TerminalOutputView.swift in Sources */,
				B2862092CE2A607BB543D0C3 /* ThinkingSection.swift in Sources */,
				ADD4D115802771ADC1A3BA42 /* ToolCallBubble.swift in Sources */,
				2F6754DC39BABA1F84B38671 /* ToolCallFormatter.swift in Sources */,
				ABFEA85C8FEE7AE812911FED /* ToolCallInfo.swift in Sources */,
				4B0577594054C7AFC4985E95 /* ToolCallStatusIcon.swift in Sources */,
				203319223F074A7A9A8EAB59 /* VideoPlayerView.swift in Sources */,
			);
			runOnlyForDeploymentPostprocessing = 0;
		};
		BBD6575528C5DC5E12CE82FE /* Sources */ = {
			isa = PBXSourcesBuildPhase;
			buildActionMask = 2147483647;
			files = (
				C9F7F9E60FAA94773D4EAB92 /* CorrectnessTests.swift in Sources */,
				E0F8B1E4A33B8B007270E08E /* PerformanceTests.swift in Sources */,
			);
			runOnlyForDeploymentPostprocessing = 0;
		};
/* End PBXSourcesBuildPhase section */

/* Begin PBXTargetDependency section */
		20C862B1CA3801F6BCA1DE41 /* PBXTargetDependency */ = {
			isa = PBXTargetDependency;
			target = 4B8C20E061D2629471C5073C /* Mino */;
			targetProxy = F635D6F4F16D955A6BDD36D4 /* PBXContainerItemProxy */;
		};
/* End PBXTargetDependency section */

/* Begin XCBuildConfiguration section */
		105CBD66688DAEAEA09652F7 /* Release */ = {
			isa = XCBuildConfiguration;
			buildSettings = {
				BUNDLE_LOADER = "$(TEST_HOST)";
				COMBINE_HIDPI_IMAGES = YES;
				GENERATE_INFOPLIST_FILE = YES;
				LD_RUNPATH_SEARCH_PATHS = (
					"$(inherited)",
					"@executable_path/../Frameworks",
					"@loader_path/../Frameworks",
				);
				PRODUCT_BUNDLE_IDENTIFIER = com.mino.MinoTests;
				SDKROOT = macosx;
				SWIFT_VERSION = 5.9;
				TEST_HOST = "$(BUILT_PRODUCTS_DIR)/Mino.app/Contents/MacOS/Mino";
			};
			name = Release;
		};
		2D9330122A4F8180C5679B08 /* Release */ = {
			isa = XCBuildConfiguration;
			buildSettings = {
				ASSETCATALOG_COMPILER_APPICON_NAME = AppIcon;
				CODE_SIGN_ENTITLEMENTS = Mino/Mino.entitlements;
				COMBINE_HIDPI_IMAGES = YES;
				CURRENT_PROJECT_VERSION = 1;
				GENERATE_INFOPLIST_FILE = YES;
				INFOPLIST_KEY_CFBundleDisplayName = Mino;
				INFOPLIST_KEY_LSApplicationCategoryType = "public.app-category.productivity";
				LD_RUNPATH_SEARCH_PATHS = (
					"$(inherited)",
					"@executable_path/../Frameworks",
				);
				MACOSX_DEPLOYMENT_TARGET = 14.0;
				MARKETING_VERSION = 0.1.0;
				PRODUCT_BUNDLE_IDENTIFIER = com.mino.app;
				PRODUCT_NAME = Mino;
				SDKROOT = macosx;
				SWIFT_OPTIMIZATION_LEVEL = "-O";
				SWIFT_VERSION = 5.9;
			};
			name = Release;
		};
		81A479C243465A07AC69CB52 /* Debug */ = {
			isa = XCBuildConfiguration;
			buildSettings = {
				ASSETCATALOG_COMPILER_APPICON_NAME = AppIcon;
				CODE_SIGN_ENTITLEMENTS = Mino/Mino.entitlements;
				COMBINE_HIDPI_IMAGES = YES;
				CURRENT_PROJECT_VERSION = 1;
				GENERATE_INFOPLIST_FILE = YES;
				INFOPLIST_KEY_CFBundleDisplayName = Mino;
				INFOPLIST_KEY_LSApplicationCategoryType = "public.app-category.productivity";
				LD_RUNPATH_SEARCH_PATHS = (
					"$(inherited)",
					"@executable_path/../Frameworks",
				);
				MACOSX_DEPLOYMENT_TARGET = 14.0;
				MARKETING_VERSION = 0.1.0;
				PRODUCT_BUNDLE_IDENTIFIER = com.mino.app;
				PRODUCT_NAME = Mino;
				SDKROOT = macosx;
				SWIFT_OPTIMIZATION_LEVEL = "-Onone";
				SWIFT_VERSION = 5.9;
			};
			name = Debug;
		};
		9D25B4C55734CF7E014A8F85 /* Release */ = {
			isa = XCBuildConfiguration;
			buildSettings = {
				ALWAYS_SEARCH_USER_PATHS = NO;
				CLANG_ANALYZER_NONNULL = YES;
				CLANG_ANALYZER_NUMBER_OBJECT_CONVERSION = YES_AGGRESSIVE;
				CLANG_CXX_LANGUAGE_STANDARD = "gnu++14";
				CLANG_CXX_LIBRARY = "libc++";
				CLANG_ENABLE_MODULES = YES;
				CLANG_ENABLE_OBJC_ARC = YES;
				CLANG_ENABLE_OBJC_WEAK = YES;
				CLANG_WARN_BLOCK_CAPTURE_AUTORELEASING = YES;
				CLANG_WARN_BOOL_CONVERSION = YES;
				CLANG_WARN_COMMA = YES;
				CLANG_WARN_CONSTANT_CONVERSION = YES;
				CLANG_WARN_DEPRECATED_OBJC_IMPLEMENTATIONS = YES;
				CLANG_WARN_DIRECT_OBJC_ISA_USAGE = YES_ERROR;
				CLANG_WARN_DOCUMENTATION_COMMENTS = YES;
				CLANG_WARN_EMPTY_BODY = YES;
				CLANG_WARN_ENUM_CONVERSION = YES;
				CLANG_WARN_INFINITE_RECURSION = YES;
				CLANG_WARN_INT_CONVERSION = YES;
				CLANG_WARN_NON_LITERAL_NULL_CONVERSION = YES;
				CLANG_WARN_OBJC_IMPLICIT_RETAIN_SELF = YES;
				CLANG_WARN_OBJC_LITERAL_CONVERSION = YES;
				CLANG_WARN_OBJC_ROOT_CLASS = YES_ERROR;
				CLANG_WARN_QUOTED_INCLUDE_IN_FRAMEWORK_HEADER = YES;
				CLANG_WARN_RANGE_LOOP_ANALYSIS = YES;
				CLANG_WARN_STRICT_PROTOTYPES = YES;
				CLANG_WARN_SUSPICIOUS_MOVE = YES;
				CLANG_WARN_UNGUARDED_AVAILABILITY = YES_AGGRESSIVE;
				CLANG_WARN_UNREACHABLE_CODE = YES;
				CLANG_WARN__DUPLICATE_METHOD_MATCH = YES;
				COPY_PHASE_STRIP = NO;
				DEBUG_INFORMATION_FORMAT = "dwarf-with-dsym";
				ENABLE_NS_ASSERTIONS = NO;
				ENABLE_STRICT_OBJC_MSGSEND = YES;
				GCC_C_LANGUAGE_STANDARD = gnu11;
				GCC_NO_COMMON_BLOCKS = YES;
				GCC_WARN_64_TO_32_BIT_CONVERSION = YES;
				GCC_WARN_ABOUT_RETURN_TYPE = YES_ERROR;
				GCC_WARN_UNDECLARED_SELECTOR = YES;
				GCC_WARN_UNINITIALIZED_AUTOS = YES_AGGRESSIVE;
				GCC_WARN_UNUSED_FUNCTION = YES;
				GCC_WARN_UNUSED_VARIABLE = YES;
				MACOSX_DEPLOYMENT_TARGET = 14.0;
				MTL_ENABLE_DEBUG_INFO = NO;
				MTL_FAST_MATH = YES;
				PRODUCT_NAME = "$(TARGET_NAME)";
				SDKROOT = macosx;
				SWIFT_COMPILATION_MODE = wholemodule;
				SWIFT_OPTIMIZATION_LEVEL = "-O";
				SWIFT_VERSION = 5.0;
			};
			name = Release;
		};
		A1144C06B6500C0C0E16DD7B /* Debug */ = {
			isa = XCBuildConfiguration;
			buildSettings = {
				ALWAYS_SEARCH_USER_PATHS = NO;
				CLANG_ANALYZER_NONNULL = YES;
				CLANG_ANALYZER_NUMBER_OBJECT_CONVERSION = YES_AGGRESSIVE;
				CLANG_CXX_LANGUAGE_STANDARD = "gnu++14";
				CLANG_CXX_LIBRARY = "libc++";
				CLANG_ENABLE_MODULES = YES;
				CLANG_ENABLE_OBJC_ARC = YES;
				CLANG_ENABLE_OBJC_WEAK = YES;
				CLANG_WARN_BLOCK_CAPTURE_AUTORELEASING = YES;
				CLANG_WARN_BOOL_CONVERSION = YES;
				CLANG_WARN_COMMA = YES;
				CLANG_WARN_CONSTANT_CONVERSION = YES;
				CLANG_WARN_DEPRECATED_OBJC_IMPLEMENTATIONS = YES;
				CLANG_WARN_DIRECT_OBJC_ISA_USAGE = YES_ERROR;
				CLANG_WARN_DOCUMENTATION_COMMENTS = YES;
				CLANG_WARN_EMPTY_BODY = YES;
				CLANG_WARN_ENUM_CONVERSION = YES;
				CLANG_WARN_INFINITE_RECURSION = YES;
				CLANG_WARN_INT_CONVERSION = YES;
				CLANG_WARN_NON_LITERAL_NULL_CONVERSION = YES;
				CLANG_WARN_OBJC_IMPLICIT_RETAIN_SELF = YES;
				CLANG_WARN_OBJC_LITERAL_CONVERSION = YES;
				CLANG_WARN_OBJC_ROOT_CLASS = YES_ERROR;
				CLANG_WARN_QUOTED_INCLUDE_IN_FRAMEWORK_HEADER = YES;
				CLANG_WARN_RANGE_LOOP_ANALYSIS = YES;
				CLANG_WARN_STRICT_PROTOTYPES = YES;
				CLANG_WARN_SUSPICIOUS_MOVE = YES;
				CLANG_WARN_UNGUARDED_AVAILABILITY = YES_AGGRESSIVE;
				CLANG_WARN_UNREACHABLE_CODE = YES;
				CLANG_WARN__DUPLICATE_METHOD_MATCH = YES;
				COPY_PHASE_STRIP = NO;
				DEBUG_INFORMATION_FORMAT = dwarf;
				ENABLE_STRICT_OBJC_MSGSEND = YES;
				ENABLE_TESTABILITY = YES;
				GCC_C_LANGUAGE_STANDARD = gnu11;
				GCC_DYNAMIC_NO_PIC = NO;
				GCC_NO_COMMON_BLOCKS = YES;
				GCC_OPTIMIZATION_LEVEL = 0;
				GCC_PREPROCESSOR_DEFINITIONS = (
					"$(inherited)",
					"DEBUG=1",
				);
				GCC_WARN_64_TO_32_BIT_CONVERSION = YES;
				GCC_WARN_ABOUT_RETURN_TYPE = YES_ERROR;
				GCC_WARN_UNDECLARED_SELECTOR = YES;
				GCC_WARN_UNINITIALIZED_AUTOS = YES_AGGRESSIVE;
				GCC_WARN_UNUSED_FUNCTION = YES;
				GCC_WARN_UNUSED_VARIABLE = YES;
				MACOSX_DEPLOYMENT_TARGET = 14.0;
				MTL_ENABLE_DEBUG_INFO = INCLUDE_SOURCE;
				MTL_FAST_MATH = YES;
				ONLY_ACTIVE_ARCH = YES;
				PRODUCT_NAME = "$(TARGET_NAME)";
				SDKROOT = macosx;
				SWIFT_ACTIVE_COMPILATION_CONDITIONS = DEBUG;
				SWIFT_OPTIMIZATION_LEVEL = "-Onone";
				SWIFT_VERSION = 5.0;
			};
			name = Debug;
		};
		B4386425681437E003FD381D /* Debug */ = {
			isa = XCBuildConfiguration;
			buildSettings = {
				BUNDLE_LOADER = "$(TEST_HOST)";
				COMBINE_HIDPI_IMAGES = YES;
				GENERATE_INFOPLIST_FILE = YES;
				LD_RUNPATH_SEARCH_PATHS = (
					"$(inherited)",
					"@executable_path/../Frameworks",
					"@loader_path/../Frameworks",
				);
				PRODUCT_BUNDLE_IDENTIFIER = com.mino.MinoTests;
				SDKROOT = macosx;
				SWIFT_VERSION = 5.9;
				TEST_HOST = "$(BUILT_PRODUCTS_DIR)/Mino.app/Contents/MacOS/Mino";
			};
			name = Debug;
		};
/* End XCBuildConfiguration section */

/* Begin XCConfigurationList section */
		96823D395FD78FD7738E61F6 /* Build configuration list for PBXNativeTarget "MinoTests" */ = {
			isa = XCConfigurationList;
			buildConfigurations = (
				B4386425681437E003FD381D /* Debug */,
				105CBD66688DAEAEA09652F7 /* Release */,
			);
			defaultConfigurationIsVisible = 0;
			defaultConfigurationName = Debug;
		};
		9CC0ECB333FA7EA82A828208 /* Build configuration list for PBXProject "Mino" */ = {
			isa = XCConfigurationList;
			buildConfigurations = (
				A1144C06B6500C0C0E16DD7B /* Debug */,
				9D25B4C55734CF7E014A8F85 /* Release */,
			);
			defaultConfigurationIsVisible = 0;
			defaultConfigurationName = Debug;
		};
		9F2E88B1CE499D1C0099FBE5 /* Build configuration list for PBXNativeTarget "Mino" */ = {
			isa = XCConfigurationList;
			buildConfigurations = (
				81A479C243465A07AC69CB52 /* Debug */,
				2D9330122A4F8180C5679B08 /* Release */,
			);
			defaultConfigurationIsVisible = 0;
			defaultConfigurationName = Debug;
		};
/* End XCConfigurationList section */

/* Begin XCRemoteSwiftPackageReference section */
		E0D583FCB9F54C64E7C2E910 /* XCRemoteSwiftPackageReference "swift-markdown-ui" */ = {
			isa = XCRemoteSwiftPackageReference;
			repositoryURL = "https://github.com/gonzalezreal/swift-markdown-ui";
			requirement = {
				kind = upToNextMajorVersion;
				minimumVersion = 2.4.0;
			};
		};
/* End XCRemoteSwiftPackageReference section */

/* Begin XCSwiftPackageProductDependency section */
		FC6FF2602FCC4CC6C856E34D /* MarkdownUI */ = {
			isa = XCSwiftPackageProductDependency;
			package = E0D583FCB9F54C64E7C2E910 /* XCRemoteSwiftPackageReference "swift-markdown-ui" */;
			productName = MarkdownUI;
		};
/* End XCSwiftPackageProductDependency section */
	};
	rootObject = DFC4359E1E36468823B31C33 /* Project object */;
}
